// !$*UTF8*$!
{
	archiveVersion = 1;
	classes = {
	};
	objectVersion = 55;
	objects = {

/* Begin PBXBuildFile section */
		AE7E4081291CB7D1001F12A1 /* AppDelegate.swift in Sources */ = {isa = PBXBuildFile; fileRef = AE7E4080291CB7D1001F12A1 /* AppDelegate.swift */; };
		AE7E4083291CB7D1001F12A1 /* SceneDelegate.swift in Sources */ = {isa = PBXBuildFile; fileRef = AE7E4082291CB7D1001F12A1 /* SceneDelegate.swift */; };
		AE7E4085291CB7D1001F12A1 /* ViewController.swift in Sources */ = {isa = PBXBuildFile; fileRef = AE7E4084291CB7D1001F12A1 /* ViewController.swift */; };
		AE7E4088291CB7D1001F12A1 /* Main.storyboard in Resources */ = {isa = PBXBuildFile; fileRef = AE7E4086291CB7D1001F12A1 /* Main.storyboard */; };
		AE7E408A291CB7D2001F12A1 /* Assets.xcassets in Resources */ = {isa = PBXBuildFile; fileRef = AE7E4089291CB7D2001F12A1 /* Assets.xcassets */; };
		AE7E408D291CB7D2001F12A1 /* LaunchScreen.storyboard in Resources */ = {isa = PBXBuildFile; fileRef = AE7E408B291CB7D2001F12A1 /* LaunchScreen.storyboard */; };
		AE7E4098291CB7D3001F12A1 /* XylophoneTests.swift in Sources */ = {isa = PBXBuildFile; fileRef = AE7E4097291CB7D3001F12A1 /* XylophoneTests.swift */; };
		AE7E40A2291CB7D3001F12A1 /* XylophoneUITests.swift in Sources */ = {isa = PBXBuildFile; fileRef = AE7E40A1291CB7D3001F12A1 /* XylophoneUITests.swift */; };
		AE7E40A4291CB7D3001F12A1 /* XylophoneUITestsLaunchTests.swift in Sources */ = {isa = PBXBuildFile; fileRef = AE7E40A3291CB7D3001F12A1 /* XylophoneUITestsLaunchTests.swift */; };
/* End PBXBuildFile section */

/* Begin PBXContainerItemProxy section */
		AE7E4094291CB7D3001F12A1 /* PBXContainerItemProxy */ = {
			isa = PBXContainerItemProxy;
			containerPortal = AE7E4075291CB7D1001F12A1 /* Project object */;
			proxyType = 1;
			remoteGlobalIDString = AE7E407C291CB7D1001F12A1;
			remoteInfo = Xylophone;
		};
		AE7E409E291CB7D3001F12A1 /* PBXContainerItemProxy */ = {
			isa = PBXContainerItemProxy;
			containerPortal = AE7E4075291CB7D1001F12A1 /* Project object */;
			proxyType = 1;
			remoteGlobalIDString = AE7E407C291CB7D1001F12A1;
			remoteInfo = Xylophone;
		};
/* End PBXContainerItemProxy section */

/* Begin PBXFileReference section */
		AE7E407D291CB7D1001F12A1 /* Xylophone.app */ = {isa = PBXFileReference; explicitFileType = wrapper.application; includeInIndex = 0; path = Xylophone.app; sourceTree = BUILT_PRODUCTS_DIR; };
		AE7E4080291CB7D1001F12A1 /* AppDelegate.swift */ = {isa = PBXFileReference; lastKnownFileType = sourcecode.swift; path = AppDelegate.swift; sourceTree = "<group>"; };
		AE7E4082291CB7D1001F12A1 /* SceneDelegate.swift */ = {isa = PBXFileReference; lastKnownFileType = sourcecode.swift; path = SceneDelegate.swift; sourceTree = "<group>"; };
		AE7E4084291CB7D1001F12A1 /* ViewController.swift */ = {isa = PBXFileReference; lastKnownFileType = sourcecode.swift; path = ViewController.swift; sourceTree = "<group>"; };
		AE7E4087291CB7D1001F12A1 /* Base */ = {isa = PBXFileReference; lastKnownFileType = file.storyboard; name = Base; path = Base.lproj/Main.storyboard; sourceTree = "<group>"; };
		AE7E4089291CB7D2001F12A1 /* Assets.xcassets */ = {isa = PBXFileReference; lastKnownFileType = folder.assetcatalog; path = Assets.xcassets; sourceTree = "<group>"; };
		AE7E408C291CB7D2001F12A1 /* Base */ = {isa = PBXFileReference; lastKnownFileType = file.storyboard; name = Base; path = Base.lproj/LaunchScreen.storyboard; sourceTree = "<group>"; };
		AE7E408E291CB7D2001F12A1 /* Info.plist */ = {isa = PBXFileReference; lastKnownFileType = text.plist.xml; path = Info.plist; sourceTree = "<group>"; };
		AE7E4093291CB7D3001F12A1 /* XylophoneTests.xctest */ = {isa = PBXFileReference; explicitFileType = wrapper.cfbundle; includeInIndex = 0; path = XylophoneTests.xctest; sourceTree = BUILT_PRODUCTS_DIR; };
		AE7E4097291CB7D3001F12A1 /* XylophoneTests.swift */ = {isa = PBXFileReference; lastKnownFileType = sourcecode.swift; path = XylophoneTests.swift; sourceTree = "<group>"; };
		AE7E409D291CB7D3001F12A1 /* XylophoneUITests.xctest */ = {isa = PBXFileReference; explicitFileType = wrapper.cfbundle; includeInIndex = 0; path = XylophoneUITests.xctest; sourceTree = BUILT_PRODUCTS_DIR; };
		AE7E40A1291CB7D3001F12A1 /* XylophoneUITests.swift */ = {isa = PBXFileReference; lastKnownFileType = sourcecode.swift; path = XylophoneUITests.swift; sourceTree = "<group>"; };
		AE7E40A3291CB7D3001F12A1 /* XylophoneUITestsLaunchTests.swift */ = {isa = PBXFileReference; lastKnownFileType = sourcecode.swift; path = XylophoneUITestsLaunchTests.swift; sourceTree = "<group>"; };
/* End PBXFileReference section */

/* Begin PBXFrameworksBuildPhase section */
		AE7E407A291CB7D1001F12A1 /* Frameworks */ = {
			isa = PBXFrameworksBuildPhase;
			buildActionMask = 2147483647;
			files = (
			);
			runOnlyForDeploymentPostprocessing = 0;
		};
		AE7E4090291CB7D3001F12A1 /* Frameworks */ = {
			isa = PBXFrameworksBuildPhase;
			buildActionMask = 2147483647;
			files = (
			);
			runOnlyForDeploymentPostprocessing = 0;
		};
		AE7E409A291CB7D3001F12A1 /* Frameworks */ = {
			isa = PBXFrameworksBuildPhase;
			buildActionMask = 2147483647;
			files = (
			);
			runOnlyForDeploymentPostprocessing = 0;
		};
/* End PBXFrameworksBuildPhase section */

/* Begin PBXGroup section */
		AE7E4074291CB7D1001F12A1 = {
			isa = PBXGroup;
			children = (
				AE7E407F291CB7D1001F12A1 /* Xylophone */,
				AE7E4096291CB7D3001F12A1 /* XylophoneTests */,
				AE7E40A0291CB7D3001F12A1 /* XylophoneUITests */,
				AE7E407E291CB7D1001F12A1 /* Products */,
			);
			sourceTree = "<group>";
		};
		AE7E407E291CB7D1001F12A1 /* Products */ = {
			isa = PBXGroup;
			children = (
				AE7E407D291CB7D1001F12A1 /* Xylophone.app */,
				AE7E4093291CB7D3001F12A1 /* XylophoneTests.xctest */,
				AE7E409D291CB7D3001F12A1 /* XylophoneUITests.xctest */,
			);
			name = Products;
			sourceTree = "<group>";
		};
		AE7E407F291CB7D1001F12A1 /* Xylophone */ = {
			isa = PBXGroup;
			children = (
				AE7E4080291CB7D1001F12A1 /* AppDelegate.swift */,
				AE7E4082291CB7D1001F12A1 /* SceneDelegate.swift */,
				AE7E4084291CB7D1001F12A1 /* ViewController.swift */,
				AE7E4086291CB7D1001F12A1 /* Main.storyboard */,
				AE7E4089291CB7D2001F12A1 /* Assets.xcassets */,
				AE7E408B291CB7D2001F12A1 /* LaunchScreen.storyboard */,
				AE7E408E291CB7D2001F12A1 /* Info.plist */,
			);
			path = Xylophone;
			sourceTree = "<group>";
		};
		AE7E4096291CB7D3001F12A1 /* XylophoneTests */ = {
			isa = PBXGroup;
			children = (
				AE7E4097291CB7D3001F12A1 /* XylophoneTests.swift */,
			);
			path = XylophoneTests;
			sourceTree = "<group>";
		};
		AE7E40A0291CB7D3001F12A1 /* XylophoneUITests */ = {
			isa = PBXGroup;
			children = (
				AE7E40A1291CB7D3001F12A1 /* XylophoneUITests.swift */,
				AE7E40A3291CB7D3001F12A1 /* XylophoneUITestsLaunchTests.swift */,
			);
			path = XylophoneUITests;
			sourceTree = "<group>";
		};
/* End PBXGroup section */

/* Begin PBXNativeTarget section */
		AE7E407C291CB7D1001F12A1 /* Xylophone */ = {
			isa = PBXNativeTarget;
			buildConfigurationList = AE7E40A7291CB7D3001F12A1 /* Build configuration list for PBXNativeTarget "Xylophone" */;
			buildPhases = (
				AE7E4079291CB7D1001F12A1 /* Sources */,
				AE7E407A291CB7D1001F12A1 /* Frameworks */,
				AE7E407B291CB7D1001F12A1 /* Resources */,
			);
			buildRules = (
			);
			dependencies = (
			);
			name = Xylophone;
			productName = Xylophone;
			productReference = AE7E407D291CB7D1001F12A1 /* Xylophone.app */;
			productType = "com.apple.product-type.application";
		};
		AE7E4092291CB7D3001F12A1 /* XylophoneTests */ = {
			isa = PBXNativeTarget;
			buildConfigurationList = AE7E40AA291CB7D3001F12A1 /* Build configuration list for PBXNativeTarget "XylophoneTests" */;
			buildPhases = (
				AE7E408F291CB7D3001F12A1 /* Sources */,
				AE7E4090291CB7D3001F12A1 /* Frameworks */,
				AE7E4091291CB7D3001F12A1 /* Resources */,
			);
			buildRules = (
			);
			dependencies = (
				AE7E4095291CB7D3001F12A1 /* PBXTargetDependency */,
			);
			name = XylophoneTests;
			productName = XylophoneTests;
			productReference = AE7E4093291CB7D3001F12A1 /* XylophoneTests.xctest */;
			productType = "com.apple.product-type.bundle.unit-test";
		};
		AE7E409C291CB7D3001F12A1 /* XylophoneUITests */ = {
			isa = PBXNativeTarget;
			buildConfigurationList = AE7E40AD291CB7D3001F12A1 /* Build configuration list for PBXNativeTarget "XylophoneUITests" */;
			buildPhases = (
				AE7E4099291CB7D3001F12A1 /* Sources */,
				AE7E409A291CB7D3001F12A1 /* Frameworks */,
				AE7E409B291CB7D3001F12A1 /* Resources */,
			);
			buildRules = (
			);
			dependencies = (
				AE7E409F291CB7D3001F12A1 /* PBXTargetDependency */,
			);
			name = XylophoneUITests;
			productName = XylophoneUITests;
			productReference = AE7E409D291CB7D3001F12A1 /* XylophoneUITests.xctest */;
			productType = "com.apple.product-type.bundle.ui-testing";
		};
/* End PBXNativeTarget section */

/* Begin PBXProject section */
		AE7E4075291CB7D1001F12A1 /* Project object */ = {
			isa = PBXProject;
			attributes = {
				BuildIndependentTargetsInParallel = 1;
				LastSwiftUpdateCheck = 1310;
				LastUpgradeCheck = 1310;
				TargetAttributes = {
					AE7E407C291CB7D1001F12A1 = {
						CreatedOnToolsVersion = 13.1;
					};
					AE7E4092291CB7D3001F12A1 = {
						CreatedOnToolsVersion = 13.1;
						TestTargetID = AE7E407C291CB7D1001F12A1;
					};
					AE7E409C291CB7D3001F12A1 = {
						CreatedOnToolsVersion = 13.1;
						TestTargetID = AE7E407C291CB7D1001F12A1;
					};
				};
			};
			buildConfigurationList = AE7E4078291CB7D1001F12A1 /* Build configuration list for PBXProject "Xylophone" */;
			compatibilityVersion = "Xcode 13.0";
			developmentRegion = en;
			hasScannedForEncodings = 0;
			knownRegions = (
				en,
				Base,
			);
			mainGroup = AE7E4074291CB7D1001F12A1;
			productRefGroup = AE7E407E291CB7D1001F12A1 /* Products */;
			projectDirPath = "";
			projectRoot = "";
			targets = (
				AE7E407C291CB7D1001F12A1 /* Xylophone */,
				AE7E4092291CB7D3001F12A1 /* XylophoneTests */,
				AE7E409C291CB7D3001F12A1 /* XylophoneUITests */,
			);
		};
/* End PBXProject section */

/* Begin PBXResourcesBuildPhase section */
		AE7E407B291CB7D1001F12A1 /* Resources */ = {
			isa = PBXResourcesBuildPhase;
			buildActionMask = 2147483647;
			files = (
				AE7E408D291CB7D2001F12A1 /* LaunchScreen.storyboard in Resources */,
				AE7E408A291CB7D2001F12A1 /* Assets.xcassets in Resources */,
				AE7E4088291CB7D1001F12A1 /* Main.storyboard in Resources */,
			);
			runOnlyForDeploymentPostprocessing = 0;
		};
		AE7E4091291CB7D3001F12A1 /* Resources */ = {
			isa = PBXResourcesBuildPhase;
			buildActionMask = 2147483647;
			files = (
			);
			runOnlyForDeploymentPostprocessing = 0;
		};
		AE7E409B291CB7D3001F12A1 /* Resources */ = {
			isa = PBXResourcesBuildPhase;
			buildActionMask = 2147483647;
			files = (
			);
			runOnlyForDeploymentPostprocessing = 0;
		};
/* End PBXResourcesBuildPhase section */

/* Begin PBXSourcesBuildPhase section */
		AE7E4079291CB7D1001F12A1 /* Sources */ = {
			isa = PBXSourcesBuildPhase;
			buildActionMask = 2147483647;
			files = (
				AE7E4085291CB7D1001F12A1 /* ViewController.swift in Sources */,
				AE7E4081291CB7D1001F12A1 /* AppDelegate.swift in Sources */,
				AE7E4083291CB7D1001F12A1 /* SceneDelegate.swift in Sources */,
			);
			runOnlyForDeploymentPostprocessing = 0;
		};
		AE7E408F291CB7D3001F12A1 /* Sources */ = {
			isa = PBXSourcesBuildPhase;
			buildActionMask = 2147483647;
			files = (
				AE7E4098291CB7D3001F12A1 /* XylophoneTests.swift in Sources */,
			);
			runOnlyForDeploymentPostprocessing = 0;
		};
		AE7E4099291CB7D3001F12A1 /* Sources */ = {
			isa = PBXSourcesBuildPhase;
			buildActionMask = 2147483647;
			files = (
				AE7E40A2291CB7D3001F12A1 /* XylophoneUITests.swift in Sources */,
				AE7E40A4291CB7D3001F12A1 /* XylophoneUITestsLaunchTests.swift in Sources */,
			);
			runOnlyForDeploymentPostprocessing = 0;
		};
/* End PBXSourcesBuildPhase section */

/* Begin PBXTargetDependency section */
		AE7E4095291CB7D3001F12A1 /* PBXTargetDependency */ = {
			isa = PBXTargetDependency;
			target = AE7E407C291CB7D1001F12A1 /* Xylophone */;
			targetProxy = AE7E4094291CB7D3001F12A1 /* PBXContainerItemProxy */;
		};
		AE7E409F291CB7D3001F12A1 /* PBXTargetDependency */ = {
			isa = PBXTargetDependency;
			target = AE7E407C291CB7D1001F12A1 /* Xylophone */;
			targetProxy = AE7E409E291CB7D3001F12A1 /* PBXContainerItemProxy */;
		};
/* End PBXTargetDependency section */

/* Begin PBXVariantGroup section */
		AE7E4086291CB7D1001F12A1 /* Main.storyboard */ = {
			isa = PBXVariantGroup;
			children = (
				AE7E4087291CB7D1001F12A1 /* Base */,
			);
			name = Main.storyboard;
			sourceTree = "<group>";
		};
		AE7E408B291CB7D2001F12A1 /* LaunchScreen.storyboard */ = {
			isa = PBXVariantGroup;
			children = (
				AE7E408C291CB7D2001F12A1 /* Base */,
			);
			name = LaunchScreen.storyboard;
			sourceTree = "<group>";
		};
/* End PBXVariantGroup section */

/* Begin XCBuildConfiguration section */
		AE7E40A5291CB7D3001F12A1 /* Debug */ = {
			isa = XCBuildConfiguration;
			buildSettings = {
				ALWAYS_SEARCH_USER_PATHS = NO;
				CLANG_ANALYZER_NONNULL = YES;
				CLANG_ANALYZER_NUMBER_OBJECT_CONVERSION = YES_AGGRESSIVE;
				CLANG_CXX_LANGUAGE_STANDARD = "gnu++17";
				CLANG_CXX_LIBRARY = "libc++";
				CLANG_ENABLE_MODULES = YES;
				CLANG_ENABLE_OBJC_ARC = YES;
				CLANG_ENABLE_OBJC_WEAK = YES;
				CLANG_WARN_BLOCK_CAPTURE_AUTORELEASING = YES;
				CLANG_WARN_BOOL_CONVERSION = YES;
				CLANG_WARN_COMMA = YES;
				CLANG_WARN_CONSTANT_CONVERSION = YES;
				CLANG_WARN_DEPRECATED_OBJC_IMPLEMENTATIONS = YES;
				CLANG_WARN_DIRECT_OBJC_ISA_USAGE = YES_ERROR;
				CLANG_WARN_DOCUMENTATION_COMMENTS = YES;
				CLANG_WARN_EMPTY_BODY = YES;
				CLANG_WARN_ENUM_CONVERSION = YES;
				CLANG_WARN_INFINITE_RECURSION = YES;
				CLANG_WARN_INT_CONVERSION = YES;
				CLANG_WARN_NON_LITERAL_NULL_CONVERSION = YES;
				CLANG_WARN_OBJC_IMPLICIT_RETAIN_SELF = YES;
				CLANG_WARN_OBJC_LITERAL_CONVERSION = YES;
				CLANG_WARN_OBJC_ROOT_CLASS = YES_ERROR;
				CLANG_WARN_QUOTED_INCLUDE_IN_FRAMEWORK_HEADER = YES;
				CLANG_WARN_RANGE_LOOP_ANALYSIS = YES;
				CLANG_WARN_STRICT_PROTOTYPES = YES;
				CLANG_WARN_SUSPICIOUS_MOVE = YES;
				CLANG_WARN_UNGUARDED_AVAILABILITY = YES_AGGRESSIVE;
				CLANG_WARN_UNREACHABLE_CODE = YES;
				CLANG_WARN__DUPLICATE_METHOD_MATCH = YES;
				COPY_PHASE_STRIP = NO;
				DEBUG_INFORMATION_FORMAT = dwarf;
				ENABLE_STRICT_OBJC_MSGSEND = YES;
				ENABLE_TESTABILITY = YES;
				GCC_C_LANGUAGE_STANDARD = gnu11;
				GCC_DYNAMIC_NO_PIC = NO;
				GCC_NO_COMMON_BLOCKS = YES;
				GCC_OPTIMIZATION_LEVEL = 0;
				GCC_PREPROCESSOR_DEFINITIONS = (
					"DEBUG=1",
					"$(inherited)",
				);
				GCC_WARN_64_TO_32_BIT_CONVERSION = YES;
				GCC_WARN_ABOUT_RETURN_TYPE = YES_ERROR;
				GCC_WARN_UNDECLARED_SELECTOR = YES;
				GCC_WARN_UNINITIALIZED_AUTOS = YES_AGGRESSIVE;
				GCC_WARN_UNUSED_FUNCTION = YES;
				GCC_WARN_UNUSED_VARIABLE = YES;
				IPHONEOS_DEPLOYMENT_TARGET = 15.0;
				MTL_ENABLE_DEBUG_INFO = INCLUDE_SOURCE;
				MTL_FAST_MATH = YES;
				ONLY_ACTIVE_ARCH = YES;
				SDKROOT = iphoneos;
				SWIFT_ACTIVE_COMPILATION_CONDITIONS = DEBUG;
				SWIFT_OPTIMIZATION_LEVEL = "-Onone";
			};
			name = Debug;
		};
		AE7E40A6291CB7D3001F12A1 /* Release */ = {
			isa = XCBuildConfiguration;
			buildSettings = {
				ALWAYS_SEARCH_USER_PATHS = NO;
				CLANG_ANALYZER_NONNULL = YES;
				CLANG_ANALYZER_NUMBER_OBJECT_CONVERSION = YES_AGGRESSIVE;
				CLANG_CXX_LANGUAGE_STANDARD = "gnu++17";
				CLANG_CXX_LIBRARY = "libc++";
				CLANG_ENABLE_MODULES = YES;
				CLANG_ENABLE_OBJC_ARC = YES;
				CLANG_ENABLE_OBJC_WEAK = YES;
				CLANG_WARN_BLOCK_CAPTURE_AUTORELEASING = YES;
				CLANG_WARN_BOOL_CONVERSION = YES;
				CLANG_WARN_COMMA = YES;
				CLANG_WARN_CONSTANT_CONVERSION = YES;
				CLANG_WARN_DEPRECATED_OBJC_IMPLEMENTATIONS = YES;
				CLANG_WARN_DIRECT_OBJC_ISA_USAGE = YES_ERROR;
				CLANG_WARN_DOCUMENTATION_COMMENTS = YES;
				CLANG_WARN_EMPTY_BODY = YES;
				CLANG_WARN_ENUM_CONVERSION = YES;
				CLANG_WARN_INFINITE_RECURSION = YES;
				CLANG_WARN_INT_CONVERSION = YES;
				CLANG_WARN_NON_LITERAL_NULL_CONVERSION = YES;
				CLANG_WARN_OBJC_IMPLICIT_RETAIN_SELF = YES;
				CLANG_WARN_OBJC_LITERAL_CONVERSION = YES;
				CLANG_WARN_OBJC_ROOT_CLASS = YES_ERROR;
				CLANG_WARN_QUOTED_INCLUDE_IN_FRAMEWORK_HEADER = YES;
				CLANG_WARN_RANGE_LOOP_ANALYSIS = YES;
				CLANG_WARN_STRICT_PROTOTYPES = YES;
				CLANG_WARN_SUSPICIOUS_MOVE = YES;
				CLANG_WARN_UNGUARDED_AVAILABILITY = YES_AGGRESSIVE;
				CLANG_WARN_UNREACHABLE_CODE = YES;
				CLANG_WARN__DUPLICATE_METHOD_MATCH = YES;
				COPY_PHASE_STRIP = NO;
				DEBUG_INFORMATION_FORMAT = "dwarf-with-dsym";
				ENABLE_NS_ASSERTIONS = NO;
				ENABLE_STRICT_OBJC_MSGSEND = YES;
				GCC_C_LANGUAGE_STANDARD = gnu11;
				GCC_NO_COMMON_BLOCKS = YES;
				GCC_WARN_64_TO_32_BIT_CONVERSION = YES;
				GCC_WARN_ABOUT_RETURN_TYPE = YES_ERROR;
				GCC_WARN_UNDECLARED_SELECTOR = YES;
				GCC_WARN_UNINITIALIZED_AUTOS = YES_AGGRESSIVE;
				GCC_WARN_UNUSED_FUNCTION = YES;
				GCC_WARN_UNUSED_VARIABLE = YES;
				IPHONEOS_DEPLOYMENT_TARGET = 15.0;
				MTL_ENABLE_DEBUG_INFO = NO;
				MTL_FAST_MATH = YES;
				SDKROOT = iphoneos;
				SWIFT_COMPILATION_MODE = wholemodule;
				SWIFT_OPTIMIZATION_LEVEL = "-O";
				VALIDATE_PRODUCT = YES;
			};
			name = Release;
		};
		AE7E40A8291CB7D3001F12A1 /* Debug */ = {
			isa = XCBuildConfiguration;
			buildSettings = {
				ASSETCATALOG_COMPILER_APPICON_NAME = AppIcon;
				ASSETCATALOG_COMPILER_GLOBAL_ACCENT_COLOR_NAME = AccentColor;
				CODE_SIGN_STYLE = Automatic;
				CURRENT_PROJECT_VERSION = 1;
				GENERATE_INFOPLIST_FILE = YES;
				INFOPLIST_FILE = Xylophone/Info.plist;
				INFOPLIST_KEY_UIApplicationSupportsIndirectInputEvents = YES;
				INFOPLIST_KEY_UILaunchStoryboardName = LaunchScreen;
				INFOPLIST_KEY_UIMainStoryboardFile = Main;
				INFOPLIST_KEY_UISupportedInterfaceOrientations_iPad = "UIInterfaceOrientationPortrait UIInterfaceOrientationPortraitUpsideDown UIInterfaceOrientationLandscapeLeft UIInterfaceOrientationLandscapeRight";
				INFOPLIST_KEY_UISupportedInterfaceOrientations_iPhone = "UIInterfaceOrientationPortrait UIInterfaceOrientationLandscapeLeft UIInterfaceOrientationLandscapeRight";
				LD_RUNPATH_SEARCH_PATHS = (
					"$(inherited)",
					"@executable_path/Frameworks",
				);
				MARKETING_VERSION = 1.0;
				PRODUCT_BUNDLE_IDENTIFIER = com.ddukk.Xylophone;
				PRODUCT_NAME = "$(TARGET_NAME)";
				SWIFT_EMIT_LOC_STRINGS = YES;
				SWIFT_VERSION = 5.0;
				TARGETED_DEVICE_FAMILY = "1,2";
			};
			name = Debug;
		};
		AE7E40A9291CB7D3001F12A1 /* Release */ = {
			isa = XCBuildConfiguration;
			buildSettings = {
				ASSETCATALOG_COMPILER_APPICON_NAME = AppIcon;
				ASSETCATALOG_COMPILER_GLOBAL_ACCENT_COLOR_NAME = AccentColor;
				CODE_SIGN_STYLE = Automatic;
				CURRENT_PROJECT_VERSION = 1;
				GENERATE_INFOPLIST_FILE = YES;
				INFOPLIST_FILE = Xylophone/Info.plist;
				INFOPLIST_KEY_UIApplicationSupportsIndirectInputEvents = YES;
				INFOPLIST_KEY_UILaunchStoryboardName = LaunchScreen;
				INFOPLIST_KEY_UIMainStoryboardFile = Main;
				INFOPLIST_KEY_UISupportedInterfaceOrientations_iPad = "UIInterfaceOrientationPortrait UIInterfaceOrientationPortraitUpsideDown UIInterfaceOrientationLandscapeLeft UIInterfaceOrientationLandscapeRight";
				INFOPLIST_KEY_UISupportedInterfaceOrientations_iPhone = "UIInterfaceOrientationPortrait UIInterfaceOrientationLandscapeLeft UIInterfaceOrientationLandscapeRight";
				LD_RUNPATH_SEARCH_PATHS = (
					"$(inherited)",
					"@executable_path/Frameworks",
				);
				MARKETING_VERSION = 1.0;
				PRODUCT_BUNDLE_IDENTIFIER = com.ddukk.Xylophone;
				PRODUCT_NAME = "$(TARGET_NAME)";
				SWIFT_EMIT_LOC_STRINGS = YES;
				SWIFT_VERSION = 5.0;
				TARGETED_DEVICE_FAMILY = "1,2";
			};
			name = Release;
		};
		AE7E40AB291CB7D3001F12A1 /* Debug */ = {
			isa = XCBuildConfiguration;
			buildSettings = {
				ALWAYS_EMBED_SWIFT_STANDARD_LIBRARIES = YES;
				BUNDLE_LOADER = "$(TEST_HOST)";
				CODE_SIGN_STYLE = Automatic;
				CURRENT_PROJECT_VERSION = 1;
				GENERATE_INFOPLIST_FILE = YES;
				IPHONEOS_DEPLOYMENT_TARGET = 15.0;
				LD_RUNPATH_SEARCH_PATHS = (
					"$(inherited)",
					"@executable_path/Frameworks",
					"@loader_path/Frameworks",
				);
				MARKETING_VERSION = 1.0;
				PRODUCT_BUNDLE_IDENTIFIER = com.ddukk.XylophoneTests;
				PRODUCT_NAME = "$(TARGET_NAME)";
				SWIFT_EMIT_LOC_STRINGS = NO;
				SWIFT_VERSION = 5.0;
				TARGETED_DEVICE_FAMILY = "1,2";
				TEST_HOST = "$(BUILT_PRODUCTS_DIR)/Xylophone.app/Xylophone";
			};
			name = Debug;
		};
		AE7E40AC291CB7D3001F12A1 /* Release */ = {
			isa = XCBuildConfiguration;
			buildSettings = {
				ALWAYS_EMBED_SWIFT_STANDARD_LIBRARIES = YES;
				BUNDLE_LOADER = "$(TEST_HOST)";
				CODE_SIGN_STYLE = Automatic;
				CURRENT_PROJECT_VERSION = 1;
				GENERATE_INFOPLIST_FILE = YES;
				IPHONEOS_DEPLOYMENT_TARGET = 15.0;
				LD_RUNPATH_SEARCH_PATHS = (
					"$(inherited)",
					"@executable_path/Frameworks",
					"@loader_path/Frameworks",
				);
				MARKETING_VERSION = 1.0;
				PRODUCT_BUNDLE_IDENTIFIER = com.ddukk.XylophoneTests;
				PRODUCT_NAME = "$(TARGET_NAME)";
				SWIFT_EMIT_LOC_STRINGS = NO;
				SWIFT_VERSION = 5.0;
				TARGETED_DEVICE_FAMILY = "1,2";
				TEST_HOST = "$(BUILT_PRODUCTS_DIR)/Xylophone.app/Xylophone";
			};
			name = Release;
		};
		AE7E40AE291CB7D3001F12A1 /* Debug */ = {
			isa = XCBuildConfiguration;
			buildSettings = {
				ALWAYS_EMBED_SWIFT_STANDARD_LIBRARIES = YES;
				CODE_SIGN_STYLE = Automatic;
				CURRENT_PROJECT_VERSION = 1;
				GENERATE_INFOPLIST_FILE = YES;
				LD_RUNPATH_SEARCH_PATHS = (
					"$(inherited)",
					"@executable_path/Frameworks",
					"@loader_path/Frameworks",
				);
				MARKETING_VERSION = 1.0;
				PRODUCT_BUNDLE_IDENTIFIER = com.ddukk.XylophoneUITests;
				PRODUCT_NAME = "$(TARGET_NAME)";
				SWIFT_EMIT_LOC_STRINGS = NO;
				SWIFT_VERSION = 5.0;
				TARGETED_DEVICE_FAMILY = "1,2";
				TEST_TARGET_NAME = Xylophone;
			};
			name = Debug;
		};
		AE7E40AF291CB7D3001F12A1 /* Release */ = {
			isa = XCBuildConfiguration;
			buildSettings = {
				ALWAYS_EMBED_SWIFT_STANDARD_LIBRARIES = YES;
				CODE_SIGN_STYLE = Automatic;
				CURRENT_PROJECT_VERSION = 1;
				GENERATE_INFOPLIST_FILE = YES;
				LD_RUNPATH_SEARCH_PATHS = (
					"$(inherited)",
					"@executable_path/Frameworks",
					"@loader_path/Frameworks",
				);
				MARKETING_VERSION = 1.0;
				PRODUCT_BUNDLE_IDENTIFIER = com.ddukk.XylophoneUITests;
				PRODUCT_NAME = "$(TARGET_NAME)";
				SWIFT_EMIT_LOC_STRINGS = NO;
				SWIFT_VERSION = 5.0;
				TARGETED_DEVICE_FAMILY = "1,2";
				TEST_TARGET_NAME = Xylophone;
			};
			name = Release;
		};
/* End XCBuildConfiguration section */

/* Begin XCConfigurationList section */
		AE7E4078291CB7D1001F12A1 /* Build configuration list for PBXProject "Xylophone" */ = {
			isa = XCConfigurationList;
			buildConfigurations = (
				AE7E40A5291CB7D3001F12A1 /* Debug */,
				AE7E40A6291CB7D3001F12A1 /* Release */,
			);
			defaultConfigurationIsVisible = 0;
			defaultConfigurationName = Release;
		};
		AE7E40A7291CB7D3001F12A1 /* Build configuration list for PBXNativeTarget "Xylophone" */ = {
			isa = XCConfigurationList;
			buildConfigurations = (
				AE7E40A8291CB7D3001F12A1 /* Debug */,
				AE7E40A9291CB7D3001F12A1 /* Release */,
			);
			defaultConfigurationIsVisible = 0;
			defaultConfigurationName = Release;
		};
		AE7E40AA291CB7D3001F12A1 /* Build configuration list for PBXNativeTarget "XylophoneTests" */ = {
			isa = XCConfigurationList;
			buildConfigurations = (
				AE7E40AB291CB7D3001F12A1 /* Debug */,
				AE7E40AC291CB7D3001F12A1 /* Release */,
			);
			defaultConfigurationIsVisible = 0;
			defaultConfigurationName = Release;
		};
		AE7E40AD291CB7D3001F12A1 /* Build configuration list for PBXNativeTarget "XylophoneUITests" */ = {
			isa = XCConfigurationList;
			buildConfigurations = (
				AE7E40AE291CB7D3001F12A1 /* Debug */,
				AE7E40AF291CB7D3001F12A1 /* Release */,
			);
			defaultConfigurationIsVisible = 0;
			defaultConfigurationName = Release;
		};
/* End XCConfigurationList section */
	};
	rootObject = AE7E4075291CB7D1001F12A1 /* Project object */;
}
